
Microsoft Visual Studio Solution File, Format Version 12.00
# Visual Studio Version 17
VisualStudioVersion = 17.14.36401.2
MinimumVisualStudioVersion = 10.0.40219.1
Project("{FAE04EC0-301F-11D3-BF4B-00C04F79EFBC}") = "FileChemy", "src\FileChemy\FileChemy.csproj", "{D712A519-C253-4743-A72C-3FF73369BFD4}"
EndProject
Project("{FAE04EC0-301F-11D3-BF4B-00C04F79EFBC}") = "Filechemy.Tests", "test\Filechemy.Tests\Filechemy.Tests.csproj", "{335AE3D7-7FDC-45C6-9839-05951B9FE27E}"
EndProject
Project("{2150E333-8FDC-42A3-9474-1A3956D46DE8}") = "src", "src", "{C8D5274F-AC00-46C7-1F8D-E88E81087A52}"
EndProject
Project("{2150E333-8FDC-42A3-9474-1A3956D46DE8}") = "test", "test", "{B4972E0E-94AC-4DB6-83D1-546D09844F2A}"
EndProject
Project("{FAE04EC0-301F-11D3-BF4B-00C04F79EFBC}") = "FileChemy.Demo", "src\FileChemy.Demo\FileChemy.Demo.csproj", "{12345678-9ABC-DEF0-1234-56789ABCDEF0}"
EndProject
Global
	GlobalSection(SolutionConfigurationPlatforms) = preSolution
		Debug|Any CPU = Debug|Any CPU
		Debug|x64 = Debug|x64
		Debug|x86 = Debug|x86
		Release|Any CPU = Release|Any CPU
		Release|x64 = Release|x64
		Release|x86 = Release|x86
	EndGlobalSection
	GlobalSection(ProjectConfigurationPlatforms) = postSolution
		{D712A519-C253-4743-A72C-3FF73369BFD4}.Debug|Any CPU.ActiveCfg = Debug|Any CPU
		{D712A519-C253-4743-A72C-3FF73369BFD4}.Debug|Any CPU.Build.0 = Debug|Any CPU
		{D712A519-C253-4743-A72C-3FF73369BFD4}.Debug|x64.ActiveCfg = Debug|Any CPU
		{D712A519-C253-4743-A72C-3FF73369BFD4}.Debug|x64.Build.0 = Debug|Any CPU
		{D712A519-C253-4743-A72C-3FF73369BFD4}.Debug|x86.ActiveCfg = Debug|Any CPU
		{D712A519-C253-4743-A72C-3FF73369BFD4}.Debug|x86.Build.0 = Debug|Any CPU
		{D712A519-C253-4743-A72C-3FF73369BFD4}.Release|Any CPU.ActiveCfg = Release|Any CPU
		{D712A519-C253-4743-A72C-3FF73369BFD4}.Release|Any CPU.Build.0 = Release|Any CPU
		{D712A519-C253-4743-A72C-3FF73369BFD4}.Release|x64.ActiveCfg = Release|Any CPU
		{D712A519-C253-4743-A72C-3FF73369BFD4}.Release|x64.Build.0 = Release|Any CPU
		{D712A519-C253-4743-A72C-3FF73369BFD4}.Release|x86.ActiveCfg = Release|Any CPU
		{D712A519-C253-4743-A72C-3FF73369BFD4}.Release|x86.Build.0 = Release|Any CPU
		{335AE3D7-7FDC-45C6-9839-05951B9FE27E}.Debug|Any CPU.ActiveCfg = Debug|Any CPU
		{335AE3D7-7FDC-45C6-9839-05951B9FE27E}.Debug|Any CPU.Build.0 = Debug|Any CPU
		{335AE3D7-7FDC-45C6-9839-05951B9FE27E}.Debug|x64.ActiveCfg = Debug|Any CPU
		{335AE3D7-7FDC-45C6-9839-05951B9FE27E}.Debug|x64.Build.0 = Debug|Any CPU
		{335AE3D7-7FDC-45C6-9839-05951B9FE27E}.Debug|x86.ActiveCfg = Debug|Any CPU
		{335AE3D7-7FDC-45C6-9839-05951B9FE27E}.Debug|x86.Build.0 = Debug|Any CPU
		{335AE3D7-7FDC-45C6-9839-05951B9FE27E}.Release|Any CPU.ActiveCfg = Release|Any CPU
		{335AE3D7-7FDC-45C6-9839-05951B9FE27E}.Release|Any CPU.Build.0 = Release|Any CPU
		{335AE3D7-7FDC-45C6-9839-05951B9FE27E}.Release|x64.ActiveCfg = Release|Any CPU
		{335AE3D7-7FDC-45C6-9839-05951B9FE27E}.Release|x64.Build.0 = Release|Any CPU
		{335AE3D7-7FDC-45C6-9839-05951B9FE27E}.Release|x86.ActiveCfg = Release|Any CPU
		{335AE3D7-7FDC-45C6-9839-05951B9FE27E}.Release|x86.Build.0 = Release|Any CPU
		{12345678-9ABC-DEF0-1234-56789ABCDEF0}.Debug|Any CPU.ActiveCfg = Debug|Any CPU
		{12345678-9ABC-DEF0-1234-56789ABCDEF0}.Debug|Any CPU.Build.0 = Debug|Any CPU
		{12345678-9ABC-DEF0-1234-56789ABCDEF0}.Debug|x64.ActiveCfg = Debug|Any CPU
		{12345678-9ABC-DEF0-1234-56789ABCDEF0}.Debug|x64.Build.0 = Debug|Any CPU
		{12345678-9ABC-DEF0-1234-56789ABCDEF0}.Debug|x86.ActiveCfg = Debug|Any CPU
		{12345678-9ABC-DEF0-1234-56789ABCDEF0}.Debug|x86.Build.0 = Debug|Any CPU
		{12345678-9ABC-DEF0-1234-56789ABCDEF0}.Release|Any CPU.ActiveCfg = Release|Any CPU
		{12345678-9ABC-DEF0-1234-56789ABCDEF0}.Release|Any CPU.Build.0 = Release|Any CPU
		{12345678-9ABC-DEF0-1234-56789ABCDEF0}.Release|x64.ActiveCfg = Release|Any CPU
		{12345678-9ABC-DEF0-1234-56789ABCDEF0}.Release|x64.Build.0 = Release|Any CPU
		{12345678-9ABC-DEF0-1234-56789ABCDEF0}.Release|x86.ActiveCfg = Release|Any CPU
		{12345678-9ABC-DEF0-1234-56789ABCDEF0}.Release|x86.Build.0 = Release|Any CPU
	EndGlobalSection
	GlobalSection(SolutionProperties) = preSolution
		HideSolutionNode = FALSE
	EndGlobalSection
	GlobalSection(NestedProjects) = preSolution
		{D712A519-C253-4743-A72C-3FF73369BFD4} = {C8D5274F-AC00-46C7-1F8D-E88E81087A52}
		{335AE3D7-7FDC-45C6-9839-05951B9FE27E} = {B4972E0E-94AC-4DB6-83D1-546D09844F2A}
		{12345678-9ABC-DEF0-1234-56789ABCDEF0} = {C8D5274F-AC00-46C7-1F8D-E88E81087A52}
	EndGlobalSection
	GlobalSection(ExtensibilityGlobals) = postSolution
		SolutionGuid = {20ABAAAA-8357-49D8-8F6A-8EF276FFF84B}
	EndGlobalSection
EndGlobal
